// !$*UTF8*$!
{
	archiveVersion = 1;
	classes = {
	};
	objectVersion = 46;
	objects = {

/* Begin PBXBuildFile section */
		5EAB86681CADCF8F00182F7C /* SCrypto.framework in Frameworks */ = {isa = PBXBuildFile; fileRef = 5EAB865E1CADCF8F00182F7C /* SCrypto.framework */; };
		5EAB86751CADCFA200182F7C /* SCrypto.h in Headers */ = {isa = PBXBuildFile; fileRef = 5ED8F9F11C51788B00DE0760 /* SCrypto.h */; settings = {ATTRIBUTES = (Public, ); }; };
		5EAB86761CADCFA400182F7C /* SCrypto.swift in Sources */ = {isa = PBXBuildFile; fileRef = 5ED8FA091C51827400DE0760 /* SCrypto.swift */; };
		5EAB86771CADCFA700182F7C /* SCryptoTests.swift in Sources */ = {isa = PBXBuildFile; fileRef = 5ED8F9FD1C51788B00DE0760 /* SCryptoTests.swift */; };
		5ED8F9F21C51788B00DE0760 /* SCrypto.h in Headers */ = {isa = PBXBuildFile; fileRef = 5ED8F9F11C51788B00DE0760 /* SCrypto.h */; settings = {ATTRIBUTES = (Public, ); }; };
		5ED8F9F91C51788B00DE0760 /* SCrypto.framework in Frameworks */ = {isa = PBXBuildFile; fileRef = 5ED8F9EE1C51788B00DE0760 /* SCrypto.framework */; };
		5ED8F9FE1C51788B00DE0760 /* SCryptoTests.swift in Sources */ = {isa = PBXBuildFile; fileRef = 5ED8F9FD1C51788B00DE0760 /* SCryptoTests.swift */; };
		5ED8FA0A1C51827400DE0760 /* SCrypto.swift in Sources */ = {isa = PBXBuildFile; fileRef = 5ED8FA091C51827400DE0760 /* SCrypto.swift */; };
/* End PBXBuildFile section */

/* Begin PBXContainerItemProxy section */
		5EAB86691CADCF8F00182F7C /* PBXContainerItemProxy */ = {
			isa = PBXContainerItemProxy;
			containerPortal = 5ED8F9E51C51788B00DE0760 /* Project object */;
			proxyType = 1;
			remoteGlobalIDString = 5EAB865D1CADCF8F00182F7C;
			remoteInfo = "SCrypto OSX";
		};
		5ED8F9FA1C51788B00DE0760 /* PBXContainerItemProxy */ = {
			isa = PBXContainerItemProxy;
			containerPortal = 5ED8F9E51C51788B00DE0760 /* Project object */;
			proxyType = 1;
			remoteGlobalIDString = 5ED8F9ED1C51788B00DE0760;
			remoteInfo = SCrypto;
		};
/* End PBXContainerItemProxy section */

/* Begin PBXFileReference section */
		5EAB865E1CADCF8F00182F7C /* SCrypto.framework */ = {isa = PBXFileReference; explicitFileType = wrapper.framework; includeInIndex = 0; path = SCrypto.framework; sourceTree = BUILT_PRODUCTS_DIR; };
		5EAB86671CADCF8F00182F7C /* SCrypto OSX Tests.xctest */ = {isa = PBXFileReference; explicitFileType = wrapper.cfbundle; includeInIndex = 0; path = "SCrypto OSX Tests.xctest"; sourceTree = BUILT_PRODUCTS_DIR; };
		5ED8F9EE1C51788B00DE0760 /* SCrypto.framework */ = {isa = PBXFileReference; explicitFileType = wrapper.framework; includeInIndex = 0; path = SCrypto.framework; sourceTree = BUILT_PRODUCTS_DIR; };
		5ED8F9F11C51788B00DE0760 /* SCrypto.h */ = {isa = PBXFileReference; lastKnownFileType = sourcecode.c.h; path = SCrypto.h; sourceTree = "<group>"; };
		5ED8F9F31C51788B00DE0760 /* Info.plist */ = {isa = PBXFileReference; lastKnownFileType = text.plist.xml; path = Info.plist; sourceTree = "<group>"; };
		5ED8F9F81C51788B00DE0760 /* SCrypto iOS Tests.xctest */ = {isa = PBXFileReference; explicitFileType = wrapper.cfbundle; includeInIndex = 0; path = "SCrypto iOS Tests.xctest"; sourceTree = BUILT_PRODUCTS_DIR; };
		5ED8F9FD1C51788B00DE0760 /* SCryptoTests.swift */ = {isa = PBXFileReference; lastKnownFileType = sourcecode.swift; path = SCryptoTests.swift; sourceTree = "<group>"; };
		5ED8F9FF1C51788B00DE0760 /* Info.plist */ = {isa = PBXFileReference; lastKnownFileType = text.plist.xml; path = Info.plist; sourceTree = "<group>"; };
		5ED8FA091C51827400DE0760 /* SCrypto.swift */ = {isa = PBXFileReference; fileEncoding = 4; lastKnownFileType = sourcecode.swift; path = SCrypto.swift; sourceTree = "<group>"; };
/* End PBXFileReference section */

/* Begin PBXFrameworksBuildPhase section */
		5EAB865A1CADCF8F00182F7C /* Frameworks */ = {
			isa = PBXFrameworksBuildPhase;
			buildActionMask = 2147483647;
			files = (
			);
			runOnlyForDeploymentPostprocessing = 0;
		};
		5EAB86641CADCF8F00182F7C /* Frameworks */ = {
			isa = PBXFrameworksBuildPhase;
			buildActionMask = 2147483647;
			files = (
				5EAB86681CADCF8F00182F7C /* SCrypto.framework in Frameworks */,
			);
			runOnlyForDeploymentPostprocessing = 0;
		};
		5ED8F9EA1C51788B00DE0760 /* Frameworks */ = {
			isa = PBXFrameworksBuildPhase;
			buildActionMask = 2147483647;
			files = (
			);
			runOnlyForDeploymentPostprocessing = 0;
		};
		5ED8F9F51C51788B00DE0760 /* Frameworks */ = {
			isa = PBXFrameworksBuildPhase;
			buildActionMask = 2147483647;
			files = (
				5ED8F9F91C51788B00DE0760 /* SCrypto.framework in Frameworks */,
			);
			runOnlyForDeploymentPostprocessing = 0;
		};
/* End PBXFrameworksBuildPhase section */

/* Begin PBXGroup section */
		5ED8F9E41C51788B00DE0760 = {
			isa = PBXGroup;
			children = (
				5ED8F9F01C51788B00DE0760 /* Source */,
				5ED8F9FC1C51788B00DE0760 /* Tests */,
				5ED8F9EF1C51788B00DE0760 /* Products */,
			);
			sourceTree = "<group>";
		};
		5ED8F9EF1C51788B00DE0760 /* Products */ = {
			isa = PBXGroup;
			children = (
				5ED8F9EE1C51788B00DE0760 /* SCrypto.framework */,
				5ED8F9F81C51788B00DE0760 /* SCrypto iOS Tests.xctest */,
				5EAB865E1CADCF8F00182F7C /* SCrypto.framework */,
				5EAB86671CADCF8F00182F7C /* SCrypto OSX Tests.xctest */,
			);
			name = Products;
			sourceTree = "<group>";
		};
		5ED8F9F01C51788B00DE0760 /* Source */ = {
			isa = PBXGroup;
			children = (
				5ED8F9F11C51788B00DE0760 /* SCrypto.h */,
				5ED8F9F31C51788B00DE0760 /* Info.plist */,
				5ED8FA091C51827400DE0760 /* SCrypto.swift */,
			);
			path = Source;
			sourceTree = "<group>";
		};
		5ED8F9FC1C51788B00DE0760 /* Tests */ = {
			isa = PBXGroup;
			children = (
				5ED8F9FD1C51788B00DE0760 /* SCryptoTests.swift */,
				5ED8F9FF1C51788B00DE0760 /* Info.plist */,
			);
			path = Tests;
			sourceTree = "<group>";
		};
/* End PBXGroup section */

/* Begin PBXHeadersBuildPhase section */
		5EAB865B1CADCF8F00182F7C /* Headers */ = {
			isa = PBXHeadersBuildPhase;
			buildActionMask = 2147483647;
			files = (
				5EAB86751CADCFA200182F7C /* SCrypto.h in Headers */,
			);
			runOnlyForDeploymentPostprocessing = 0;
		};
		5ED8F9EB1C51788B00DE0760 /* Headers */ = {
			isa = PBXHeadersBuildPhase;
			buildActionMask = 2147483647;
			files = (
				5ED8F9F21C51788B00DE0760 /* SCrypto.h in Headers */,
			);
			runOnlyForDeploymentPostprocessing = 0;
		};
/* End PBXHeadersBuildPhase section */

/* Begin PBXNativeTarget section */
		5EAB865D1CADCF8F00182F7C /* SCrypto OSX */ = {
			isa = PBXNativeTarget;
			buildConfigurationList = 5EAB866F1CADCF8F00182F7C /* Build configuration list for PBXNativeTarget "SCrypto OSX" */;
			buildPhases = (
				5EAB86781CADD05300182F7C /* ShellScript */,
				5EAB86591CADCF8F00182F7C /* Sources */,
				5EAB865A1CADCF8F00182F7C /* Frameworks */,
				5EAB865B1CADCF8F00182F7C /* Headers */,
				5EAB865C1CADCF8F00182F7C /* Resources */,
			);
			buildRules = (
			);
			dependencies = (
			);
			name = "SCrypto OSX";
			productName = "SCrypto OSX";
			productReference = 5EAB865E1CADCF8F00182F7C /* SCrypto.framework */;
			productType = "com.apple.product-type.framework";
		};
		5EAB86661CADCF8F00182F7C /* SCrypto OSX Tests */ = {
			isa = PBXNativeTarget;
			buildConfigurationList = 5EAB86721CADCF8F00182F7C /* Build configuration list for PBXNativeTarget "SCrypto OSX Tests" */;
			buildPhases = (
				5EAB86631CADCF8F00182F7C /* Sources */,
				5EAB86641CADCF8F00182F7C /* Frameworks */,
				5EAB86651CADCF8F00182F7C /* Resources */,
			);
			buildRules = (
			);
			dependencies = (
				5EAB866A1CADCF8F00182F7C /* PBXTargetDependency */,
			);
			name = "SCrypto OSX Tests";
			productName = "SCrypto OSXTests";
			productReference = 5EAB86671CADCF8F00182F7C /* SCrypto OSX Tests.xctest */;
			productType = "com.apple.product-type.bundle.unit-test";
		};
		5ED8F9ED1C51788B00DE0760 /* SCrypto iOS */ = {
			isa = PBXNativeTarget;
			buildConfigurationList = 5ED8FA021C51788B00DE0760 /* Build configuration list for PBXNativeTarget "SCrypto iOS" */;
			buildPhases = (
				5E00FEDD1CA9CB3E00E69936 /* ShellScript */,
				5ED8F9E91C51788B00DE0760 /* Sources */,
				5ED8F9EA1C51788B00DE0760 /* Frameworks */,
				5ED8F9EB1C51788B00DE0760 /* Headers */,
				5ED8F9EC1C51788B00DE0760 /* Resources */,
			);
			buildRules = (
			);
			dependencies = (
			);
			name = "SCrypto iOS";
			productName = SCrypto;
			productReference = 5ED8F9EE1C51788B00DE0760 /* SCrypto.framework */;
			productType = "com.apple.product-type.framework";
		};
		5ED8F9F71C51788B00DE0760 /* SCrypto iOS Tests */ = {
			isa = PBXNativeTarget;
			buildConfigurationList = 5ED8FA051C51788B00DE0760 /* Build configuration list for PBXNativeTarget "SCrypto iOS Tests" */;
			buildPhases = (
				5ED8F9F41C51788B00DE0760 /* Sources */,
				5ED8F9F51C51788B00DE0760 /* Frameworks */,
				5ED8F9F61C51788B00DE0760 /* Resources */,
			);
			buildRules = (
			);
			dependencies = (
				5ED8F9FB1C51788B00DE0760 /* PBXTargetDependency */,
			);
			name = "SCrypto iOS Tests";
			productName = SCryptoTests;
			productReference = 5ED8F9F81C51788B00DE0760 /* SCrypto iOS Tests.xctest */;
			productType = "com.apple.product-type.bundle.unit-test";
		};
/* End PBXNativeTarget section */

/* Begin PBXProject section */
		5ED8F9E51C51788B00DE0760 /* Project object */ = {
			isa = PBXProject;
			attributes = {
				LastSwiftUpdateCheck = 0730;
				LastUpgradeCheck = 0930;
				ORGANIZATIONNAME = "Maksym Shcheglov";
				TargetAttributes = {
					5EAB865D1CADCF8F00182F7C = {
						CreatedOnToolsVersion = 7.3;
					};
					5EAB86661CADCF8F00182F7C = {
						CreatedOnToolsVersion = 7.3;
					};
					5ED8F9ED1C51788B00DE0760 = {
						CreatedOnToolsVersion = 7.2;
						LastSwiftMigration = 0900;
					};
					5ED8F9F71C51788B00DE0760 = {
						CreatedOnToolsVersion = 7.2;
						LastSwiftMigration = 0900;
					};
				};
			};
			buildConfigurationList = 5ED8F9E81C51788B00DE0760 /* Build configuration list for PBXProject "SCrypto" */;
			compatibilityVersion = "Xcode 3.2";
			developmentRegion = English;
			hasScannedForEncodings = 0;
			knownRegions = (
				en,
			);
			mainGroup = 5ED8F9E41C51788B00DE0760;
			productRefGroup = 5ED8F9EF1C51788B00DE0760 /* Products */;
			projectDirPath = "";
			projectRoot = "";
			targets = (
				5ED8F9ED1C51788B00DE0760 /* SCrypto iOS */,
				5ED8F9F71C51788B00DE0760 /* SCrypto iOS Tests */,
				5EAB865D1CADCF8F00182F7C /* SCrypto OSX */,
				5EAB86661CADCF8F00182F7C /* SCrypto OSX Tests */,
			);
		};
/* End PBXProject section */

/* Begin PBXResourcesBuildPhase section */
		5EAB865C1CADCF8F00182F7C /* Resources */ = {
			isa = PBXResourcesBuildPhase;
			buildActionMask = 2147483647;
			files = (
			);
			runOnlyForDeploymentPostprocessing = 0;
		};
		5EAB86651CADCF8F00182F7C /* Resources */ = {
			isa = PBXResourcesBuildPhase;
			buildActionMask = 2147483647;
			files = (
			);
			runOnlyForDeploymentPostprocessing = 0;
		};
		5ED8F9EC1C51788B00DE0760 /* Resources */ = {
			isa = PBXResourcesBuildPhase;
			buildActionMask = 2147483647;
			files = (
			);
			runOnlyForDeploymentPostprocessing = 0;
		};
		5ED8F9F61C51788B00DE0760 /* Resources */ = {
			isa = PBXResourcesBuildPhase;
			buildActionMask = 2147483647;
			files = (
			);
			runOnlyForDeploymentPostprocessing = 0;
		};
/* End PBXResourcesBuildPhase section */

/* Begin PBXShellScriptBuildPhase section */
		5E00FEDD1CA9CB3E00E69936 /* ShellScript */ = {
			isa = PBXShellScriptBuildPhase;
			buildActionMask = 2147483647;
			files = (
			);
			inputPaths = (
			);
			outputPaths = (
			);
			runOnlyForDeploymentPostprocessing = 0;
			shellPath = /bin/sh;
			shellScript = "${PROJECT_DIR}/modulemap.sh \"${PROJECT_DIR}\"\n";
		};
		5EAB86781CADD05300182F7C /* ShellScript */ = {
			isa = PBXShellScriptBuildPhase;
			buildActionMask = 2147483647;
			files = (
			);
			inputPaths = (
			);
			outputPaths = (
			);
			runOnlyForDeploymentPostprocessing = 0;
			shellPath = /bin/sh;
			shellScript = "${PROJECT_DIR}/modulemap.sh \"${PROJECT_DIR}\"";
		};
/* End PBXShellScriptBuildPhase section */

/* Begin PBXSourcesBuildPhase section */
		5EAB86591CADCF8F00182F7C /* Sources */ = {
			isa = PBXSourcesBuildPhase;
			buildActionMask = 2147483647;
			files = (
				5EAB86761CADCFA400182F7C /* SCrypto.swift in Sources */,
			);
			runOnlyForDeploymentPostprocessing = 0;
		};
		5EAB86631CADCF8F00182F7C /* Sources */ = {
			isa = PBXSourcesBuildPhase;
			buildActionMask = 2147483647;
			files = (
				5EAB86771CADCFA700182F7C /* SCryptoTests.swift in Sources */,
			);
			runOnlyForDeploymentPostprocessing = 0;
		};
		5ED8F9E91C51788B00DE0760 /* Sources */ = {
			isa = PBXSourcesBuildPhase;
			buildActionMask = 2147483647;
			files = (
				5ED8FA0A1C51827400DE0760 /* SCrypto.swift in Sources */,
			);
			runOnlyForDeploymentPostprocessing = 0;
		};
		5ED8F9F41C51788B00DE0760 /* Sources */ = {
			isa = PBXSourcesBuildPhase;
			buildActionMask = 2147483647;
			files = (
				5ED8F9FE1C51788B00DE0760 /* SCryptoTests.swift in Sources */,
			);
			runOnlyForDeploymentPostprocessing = 0;
		};
/* End PBXSourcesBuildPhase section */

/* Begin PBXTargetDependency section */
		5EAB866A1CADCF8F00182F7C /* PBXTargetDependency */ = {
			isa = PBXTargetDependency;
			target = 5EAB865D1CADCF8F00182F7C /* SCrypto OSX */;
			targetProxy = 5EAB86691CADCF8F00182F7C /* PBXContainerItemProxy */;
		};
		5ED8F9FB1C51788B00DE0760 /* PBXTargetDependency */ = {
			isa = PBXTargetDependency;
			target = 5ED8F9ED1C51788B00DE0760 /* SCrypto iOS */;
			targetProxy = 5ED8F9FA1C51788B00DE0760 /* PBXContainerItemProxy */;
		};
/* End PBXTargetDependency section */

/* Begin XCBuildConfiguration section */
		5EAB86701CADCF8F00182F7C /* Debug */ = {
			isa = XCBuildConfiguration;
			buildSettings = {
				CLANG_ANALYZER_NONNULL = YES;
				CODE_SIGN_IDENTITY = "";
				COMBINE_HIDPI_IMAGES = YES;
				DEFINES_MODULE = YES;
				DYLIB_COMPATIBILITY_VERSION = 1;
				DYLIB_CURRENT_VERSION = 1;
				DYLIB_INSTALL_NAME_BASE = "@rpath";
				FRAMEWORK_SEARCH_PATHS = "${PROJECT_DIR}/Frameworks/${PLATFORM_NAME}/**";
				FRAMEWORK_VERSION = A;
				INFOPLIST_FILE = Source/Info.plist;
				INSTALL_PATH = "$(LOCAL_LIBRARY_DIR)/Frameworks";
				LD_RUNPATH_SEARCH_PATHS = "$(inherited) @executable_path/../Frameworks @loader_path/Frameworks";
				MACOSX_DEPLOYMENT_TARGET = 10.11;
				PRODUCT_BUNDLE_IDENTIFIER = "com.sgl0v.SCrypto-OSX";
				PRODUCT_NAME = SCrypto;
				SDKROOT = macosx;
				SKIP_INSTALL = YES;
				SWIFT_INCLUDE_PATHS = "${PROJECT_DIR}/Frameworks/${PLATFORM_NAME}/**";
				SWIFT_VERSION = 4.0;
			};
			name = Debug;
		};
		5EAB86711CADCF8F00182F7C /* Release */ = {
			isa = XCBuildConfiguration;
			buildSettings = {
				CLANG_ANALYZER_NONNULL = YES;
				CODE_SIGN_IDENTITY = "";
				COMBINE_HIDPI_IMAGES = YES;
				DEFINES_MODULE = YES;
				DYLIB_COMPATIBILITY_VERSION = 1;
				DYLIB_CURRENT_VERSION = 1;
				DYLIB_INSTALL_NAME_BASE = "@rpath";
				FRAMEWORK_SEARCH_PATHS = "${PROJECT_DIR}/Frameworks/${PLATFORM_NAME}/**";
				FRAMEWORK_VERSION = A;
				INFOPLIST_FILE = Source/Info.plist;
				INSTALL_PATH = "$(LOCAL_LIBRARY_DIR)/Frameworks";
				LD_RUNPATH_SEARCH_PATHS = "$(inherited) @executable_path/../Frameworks @loader_path/Frameworks";
				MACOSX_DEPLOYMENT_TARGET = 10.11;
				PRODUCT_BUNDLE_IDENTIFIER = "com.sgl0v.SCrypto-OSX";
				PRODUCT_NAME = SCrypto;
				SDKROOT = macosx;
				SKIP_INSTALL = YES;
				SWIFT_INCLUDE_PATHS = "${PROJECT_DIR}/Frameworks/${PLATFORM_NAME}/**";
				SWIFT_VERSION = 4.0;
			};
			name = Release;
		};
		5EAB86731CADCF8F00182F7C /* Debug */ = {
			isa = XCBuildConfiguration;
			buildSettings = {
				CLANG_ANALYZER_NONNULL = YES;
				CODE_SIGN_IDENTITY = "-";
				COMBINE_HIDPI_IMAGES = YES;
				INFOPLIST_FILE = Tests/Info.plist;
				LD_RUNPATH_SEARCH_PATHS = "$(inherited) @executable_path/../Frameworks @loader_path/../Frameworks";
				MACOSX_DEPLOYMENT_TARGET = 10.11;
				PRODUCT_BUNDLE_IDENTIFIER = "com.sgl0v.SCrypto-OSXTests";
				PRODUCT_NAME = "$(TARGET_NAME)";
				SDKROOT = macosx;
				SWIFT_VERSION = 4.0;
			};
			name = Debug;
		};
		5EAB86741CADCF8F00182F7C /* Release */ = {
			isa = XCBuildConfiguration;
			buildSettings = {
				CLANG_ANALYZER_NONNULL = YES;
				CODE_SIGN_IDENTITY = "-";
				COMBINE_HIDPI_IMAGES = YES;
				INFOPLIST_FILE = Tests/Info.plist;
				LD_RUNPATH_SEARCH_PATHS = "$(inherited) @executable_path/../Frameworks @loader_path/../Frameworks";
				MACOSX_DEPLOYMENT_TARGET = 10.11;
				PRODUCT_BUNDLE_IDENTIFIER = "com.sgl0v.SCrypto-OSXTests";
				PRODUCT_NAME = "$(TARGET_NAME)";
				SDKROOT = macosx;
				SWIFT_VERSION = 4.0;
			};
			name = Release;
		};
		5ED8FA001C51788B00DE0760 /* Debug */ = {
			isa = XCBuildConfiguration;
			buildSettings = {
				ALWAYS_SEARCH_USER_PATHS = NO;
				CLANG_CXX_LANGUAGE_STANDARD = "gnu++0x";
				CLANG_CXX_LIBRARY = "libc++";
				CLANG_ENABLE_MODULES = YES;
				CLANG_ENABLE_OBJC_ARC = YES;
				CLANG_WARN_BLOCK_CAPTURE_AUTORELEASING = YES;
				CLANG_WARN_BOOL_CONVERSION = YES;
				CLANG_WARN_COMMA = YES;
				CLANG_WARN_CONSTANT_CONVERSION = YES;
				CLANG_WARN_DEPRECATED_OBJC_IMPLEMENTATIONS = YES;
				CLANG_WARN_DIRECT_OBJC_ISA_USAGE = YES_ERROR;
				CLANG_WARN_EMPTY_BODY = YES;
				CLANG_WARN_ENUM_CONVERSION = YES;
				CLANG_WARN_INFINITE_RECURSION = YES;
				CLANG_WARN_INT_CONVERSION = YES;
				CLANG_WARN_NON_LITERAL_NULL_CONVERSION = YES;
				CLANG_WARN_OBJC_IMPLICIT_RETAIN_SELF = YES;
				CLANG_WARN_OBJC_LITERAL_CONVERSION = YES;
				CLANG_WARN_OBJC_ROOT_CLASS = YES_ERROR;
				CLANG_WARN_RANGE_LOOP_ANALYSIS = YES;
				CLANG_WARN_STRICT_PROTOTYPES = YES;
				CLANG_WARN_SUSPICIOUS_MOVE = YES;
				CLANG_WARN_UNREACHABLE_CODE = YES;
				CLANG_WARN__DUPLICATE_METHOD_MATCH = YES;
				"CODE_SIGN_IDENTITY[sdk=iphoneos*]" = "iPhone Developer";
				COPY_PHASE_STRIP = NO;
				CURRENT_PROJECT_VERSION = 1;
				DEBUG_INFORMATION_FORMAT = dwarf;
				ENABLE_STRICT_OBJC_MSGSEND = YES;
				ENABLE_TESTABILITY = YES;
				GCC_C_LANGUAGE_STANDARD = gnu99;
				GCC_DYNAMIC_NO_PIC = NO;
				GCC_NO_COMMON_BLOCKS = YES;
				GCC_OPTIMIZATION_LEVEL = 0;
				GCC_PREPROCESSOR_DEFINITIONS = (
					"DEBUG=1",
					"$(inherited)",
				);
				GCC_WARN_64_TO_32_BIT_CONVERSION = YES;
				GCC_WARN_ABOUT_RETURN_TYPE = YES_ERROR;
				GCC_WARN_UNDECLARED_SELECTOR = YES;
				GCC_WARN_UNINITIALIZED_AUTOS = YES_AGGRESSIVE;
				GCC_WARN_UNUSED_FUNCTION = YES;
				GCC_WARN_UNUSED_VARIABLE = YES;
				IPHONEOS_DEPLOYMENT_TARGET = 9.0;
				MTL_ENABLE_DEBUG_INFO = YES;
				ONLY_ACTIVE_ARCH = YES;
				SDKROOT = iphoneos;
				SWIFT_OPTIMIZATION_LEVEL = "-Onone";
				TARGETED_DEVICE_FAMILY = "1,2";
				VERSIONING_SYSTEM = "apple-generic";
				VERSION_INFO_PREFIX = "";
			};
			name = Debug;
		};
		5ED8FA011C51788B00DE0760 /* Release */ = {
			isa = XCBuildConfiguration;
			buildSettings = {
				ALWAYS_SEARCH_USER_PATHS = NO;
				CLANG_CXX_LANGUAGE_STANDARD = "gnu++0x";
				CLANG_CXX_LIBRARY = "libc++";
				CLANG_ENABLE_MODULES = YES;
				CLANG_ENABLE_OBJC_ARC = YES;
				CLANG_WARN_BLOCK_CAPTURE_AUTORELEASING = YES;
				CLANG_WARN_BOOL_CONVERSION = YES;
				CLANG_WARN_COMMA = YES;
				CLANG_WARN_CONSTANT_CONVERSION = YES;
				CLANG_WARN_DEPRECATED_OBJC_IMPLEMENTATIONS = YES;
				CLANG_WARN_DIRECT_OBJC_ISA_USAGE = YES_ERROR;
				CLANG_WARN_EMPTY_BODY = YES;
				CLANG_WARN_ENUM_CONVERSION = YES;
				CLANG_WARN_INFINITE_RECURSION = YES;
				CLANG_WARN_INT_CONVERSION = YES;
				CLANG_WARN_NON_LITERAL_NULL_CONVERSION = YES;
				CLANG_WARN_OBJC_IMPLICIT_RETAIN_SELF = YES;
				CLANG_WARN_OBJC_LITERAL_CONVERSION = YES;
				CLANG_WARN_OBJC_ROOT_CLASS = YES_ERROR;
				CLANG_WARN_RANGE_LOOP_ANALYSIS = YES;
				CLANG_WARN_STRICT_PROTOTYPES = YES;
				CLANG_WARN_SUSPICIOUS_MOVE = YES;
				CLANG_WARN_UNREACHABLE_CODE = YES;
				CLANG_WARN__DUPLICATE_METHOD_MATCH = YES;
				"CODE_SIGN_IDENTITY[sdk=iphoneos*]" = "iPhone Developer";
				COPY_PHASE_STRIP = NO;
				CURRENT_PROJECT_VERSION = 1;
				DEBUG_INFORMATION_FORMAT = "dwarf-with-dsym";
				ENABLE_NS_ASSERTIONS = NO;
				ENABLE_STRICT_OBJC_MSGSEND = YES;
				GCC_C_LANGUAGE_STANDARD = gnu99;
				GCC_NO_COMMON_BLOCKS = YES;
				GCC_WARN_64_TO_32_BIT_CONVERSION = YES;
				GCC_WARN_ABOUT_RETURN_TYPE = YES_ERROR;
				GCC_WARN_UNDECLARED_SELECTOR = YES;
				GCC_WARN_UNINITIALIZED_AUTOS = YES_AGGRESSIVE;
				GCC_WARN_UNUSED_FUNCTION = YES;
				GCC_WARN_UNUSED_VARIABLE = YES;
				IPHONEOS_DEPLOYMENT_TARGET = 9.0;
				MTL_ENABLE_DEBUG_INFO = NO;
				SDKROOT = iphoneos;
				SWIFT_OPTIMIZATION_LEVEL = "-Owholemodule";
				TARGETED_DEVICE_FAMILY = "1,2";
				VALIDATE_PRODUCT = YES;
				VERSIONING_SYSTEM = "apple-generic";
				VERSION_INFO_PREFIX = "";
			};
			name = Release;
		};
		5ED8FA031C51788B00DE0760 /* Debug */ = {
			isa = XCBuildConfiguration;
			buildSettings = {
				CLANG_ENABLE_MODULES = YES;
				"CODE_SIGN_IDENTITY[sdk=iphoneos*]" = "";
				DEFINES_MODULE = YES;
				DYLIB_COMPATIBILITY_VERSION = 1;
				DYLIB_CURRENT_VERSION = 1;
				DYLIB_INSTALL_NAME_BASE = "@rpath";
				FRAMEWORK_SEARCH_PATHS = "${PROJECT_DIR}/Frameworks/${PLATFORM_NAME}/**";
				INFOPLIST_FILE = Source/Info.plist;
				INSTALL_PATH = "$(LOCAL_LIBRARY_DIR)/Frameworks";
				IPHONEOS_DEPLOYMENT_TARGET = 9.0;
				LD_RUNPATH_SEARCH_PATHS = "$(inherited) @executable_path/Frameworks @loader_path/Frameworks";
				MODULEMAP_FILE = "";
				OTHER_SWIFT_FLAGS = "";
				PRODUCT_BUNDLE_IDENTIFIER = com.sgl0v.SCrypto;
				PRODUCT_NAME = SCrypto;
				SKIP_INSTALL = YES;
				SUPPORTED_PLATFORMS = "iphonesimulator iphoneos";
				SWIFT_INCLUDE_PATHS = "${PROJECT_DIR}/Frameworks/${PLATFORM_NAME}/**";
				SWIFT_OPTIMIZATION_LEVEL = "-Onone";
				SWIFT_VERSION = 4.0;
				WARNING_CFLAGS = (
					"-Wextra",
					"-Wall",
				);
			};
			name = Debug;
		};
		5ED8FA041C51788B00DE0760 /* Release */ = {
			isa = XCBuildConfiguration;
			buildSettings = {
				CLANG_ENABLE_MODULES = YES;
				"CODE_SIGN_IDENTITY[sdk=iphoneos*]" = "";
				DEFINES_MODULE = YES;
				DYLIB_COMPATIBILITY_VERSION = 1;
				DYLIB_CURRENT_VERSION = 1;
				DYLIB_INSTALL_NAME_BASE = "@rpath";
				FRAMEWORK_SEARCH_PATHS = "${PROJECT_DIR}/Frameworks/${PLATFORM_NAME}/**";
				INFOPLIST_FILE = Source/Info.plist;
				INSTALL_PATH = "$(LOCAL_LIBRARY_DIR)/Frameworks";
				IPHONEOS_DEPLOYMENT_TARGET = 9.0;
				LD_RUNPATH_SEARCH_PATHS = "$(inherited) @executable_path/Frameworks @loader_path/Frameworks";
				MODULEMAP_FILE = "";
				OTHER_SWIFT_FLAGS = "";
				PRODUCT_BUNDLE_IDENTIFIER = com.sgl0v.SCrypto;
				PRODUCT_NAME = SCrypto;
				SKIP_INSTALL = YES;
				SUPPORTED_PLATFORMS = "iphonesimulator iphoneos";
				SWIFT_INCLUDE_PATHS = "${PROJECT_DIR}/Frameworks/${PLATFORM_NAME}/**";
				SWIFT_VERSION = 4.0;
				WARNING_CFLAGS = (
					"-Wextra",
					"-Wall",
				);
			};
			name = Release;
		};
		5ED8FA061C51788B00DE0760 /* Debug */ = {
			isa = XCBuildConfiguration;
			buildSettings = {
				INFOPLIST_FILE = Tests/Info.plist;
				LD_RUNPATH_SEARCH_PATHS = "$(inherited) @executable_path/Frameworks @loader_path/Frameworks";
				PRODUCT_BUNDLE_IDENTIFIER = com.sgl0v.SCryptoTests;
				PRODUCT_NAME = "$(TARGET_NAME)";
				SWIFT_VERSION = 4.0;
			};
			name = Debug;
		};
		5ED8FA071C51788B00DE0760 /* Release */ = {
			isa = XCBuildConfiguration;
			buildSettings = {
				INFOPLIST_FILE = Tests/Info.plist;
				LD_RUNPATH_SEARCH_PATHS = "$(inherited) @executable_path/Frameworks @loader_path/Frameworks";
				PRODUCT_BUNDLE_IDENTIFIER = com.sgl0v.SCryptoTests;
				PRODUCT_NAME = "$(TARGET_NAME)";
				SWIFT_VERSION = 4.0;
			};
			name = Release;
		};
/* End XCBuildConfiguration section */

/* Begin XCConfigurationList section */
		5EAB866F1CADCF8F00182F7C /* Build configuration list for PBXNativeTarget "SCrypto OSX" */ = {
			isa = XCConfigurationList;
			buildConfigurations = (
				5EAB86701CADCF8F00182F7C /* Debug */,
				5EAB86711CADCF8F00182F7C /* Release */,
			);
			defaultConfigurationIsVisible = 0;
			defaultConfigurationName = Release;
		};
		5EAB86721CADCF8F00182F7C /* Build configuration list for PBXNativeTarget "SCrypto OSX Tests" */ = {
			isa = XCConfigurationList;
			buildConfigurations = (
				5EAB86731CADCF8F00182F7C /* Debug */,
				5EAB86741CADCF8F00182F7C /* Release */,
			);
			defaultConfigurationIsVisible = 0;
			defaultConfigurationName = Release;
		};
		5ED8F9E81C51788B00DE0760 /* Build configuration list for PBXProject "SCrypto" */ = {
			isa = XCConfigurationList;
			buildConfigurations = (
				5ED8FA001C51788B00DE0760 /* Debug */,
				5ED8FA011C51788B00DE0760 /* Release */,
			);
			defaultConfigurationIsVisible = 0;
			defaultConfigurationName = Release;
		};
		5ED8FA021C51788B00DE0760 /* Build configuration list for PBXNativeTarget "SCrypto iOS" */ = {
			isa = XCConfigurationList;
			buildConfigurations = (
				5ED8FA031C51788B00DE0760 /* Debug */,
				5ED8FA041C51788B00DE0760 /* Release */,
			);
			defaultConfigurationIsVisible = 0;
			defaultConfigurationName = Release;
		};
		5ED8FA051C51788B00DE0760 /* Build configuration list for PBXNativeTarget "SCrypto iOS Tests" */ = {
			isa = XCConfigurationList;
			buildConfigurations = (
				5ED8FA061C51788B00DE0760 /* Debug */,
				5ED8FA071C51788B00DE0760 /* Release */,
			);
			defaultConfigurationIsVisible = 0;
			defaultConfigurationName = Release;
		};
/* End XCConfigurationList section */
	};
	rootObject = 5ED8F9E51C51788B00DE0760 /* Project object */;
}
